
Microsoft Visual Studio Solution File, Format Version 12.00
# Visual Studio Version 16
VisualStudioVersion = 16.0.31019.35
MinimumVisualStudioVersion = 10.0.40219.1
Project("{FAE04EC0-301F-11D3-BF4B-00C04F79EFBC}") = "DisposeComponents", "DisposeComponents.csproj", "{046CACC4-AC00-40B0-B50B-69C7A8778155}"
EndProject
Global
	GlobalSection(SolutionConfigurationPlatforms) = preSolution
		Debug|Any CPU = Debug|Any CPU
		Release|Any CPU = Release|Any CPU
	EndGlobalSection
	GlobalSection(ProjectConfigurationPlatforms) = postSolution
		{046CACC4-AC00-40B0-B50B-69C7A8778155}.Debug|Any CPU.ActiveCfg = Debug|Any CPU
		{046CACC4-AC00-40B0-B50B-69C7A8778155}.Debug|Any CPU.Build.0 = Debug|Any CPU
		{046CACC4-AC00-40B0-B50B-69C7A8778155}.Release|Any CPU.ActiveCfg = Release|Any CPU
		{046CACC4-AC00-40B0-B50B-69C7A8778155}.Release|Any CPU.Build.0 = Release|Any CPU
	EndGlobalSection
	GlobalSection(SolutionProperties) = preSolution
		HideSolutionNode = FALSE
	EndGlobalSection
	GlobalSection(ExtensibilityGlobals) = postSolution
		SolutionGuid = {F92D53D9-2C9D-418F-A6E9-ED422AC86903}
	EndGlobalSection
EndGlobal
